{
    "name": "hb",
    "version": "0.0.1",
    "lockfileVersion": 1,
    "requires": true,
    "dependencies": {
        "fable-compiler": {
            "version": "2.10.2",
            "resolved": "https://registry.npmjs.org/fable-compiler/-/fable-compiler-2.10.2.tgz",
            "integrity": "sha512-HNv9ANUnU7ToP3FcLp8bHBqIpu7meoieY+ktzTET0SbeVEXc8EHm82aEetxi1G4yhHSyJRVgCQN6AdhUoCXptg==",
            "dev": true
        },
        "fable-core": {
            "version": "0.7.30",
            "resolved": "https://registry.npmjs.org/fable-core/-/fable-core-0.7.30.tgz",
            "integrity": "sha1-8F4nsmrcHyxtt+b+NG8KDptLe2g="
        },
        "fable-import-vscode": {
            "version": "0.1.0-narumi-2",
            "resolved": "https://registry.npmjs.org/fable-import-vscode/-/fable-import-vscode-0.1.0-narumi-2.tgz",
            "integrity": "sha1-EbSKRnFU+94OjTdNjvEKKkbltHY=",
            "dev": true
        }
    }
}
