
Microsoft Visual Studio Solution File, Format Version 12.00
# Visual Studio 15
VisualStudioVersion = 15.0.28307.779
MinimumVisualStudioVersion = 10.0.40219.1
Project("{6EC3EE1D-3C4E-46DD-8F32-0CC8E7565705}") = "hobbes", "hobbes.core\src\hobbes.core.fsproj", "{0962680D-200D-459D-BFEF-D4C0D1AFB23E}"
EndProject
Project("{6EC3EE1D-3C4E-46DD-8F32-0CC8E7565705}") = "hobbes.helpers", "hobbes.helpers\src\hobbes.helpers.fsproj", "{EB676B32-B4A9-4E60-BB45-2BCAF8F42F87}"
EndProject
Project("{6EC3EE1D-3C4E-46DD-8F32-0CC8E7565705}") = "hobbes.server", "hobbes.server\src\hobbes.server.fsproj", "{74E62B25-8EF9-4427-B14D-40709AF1BF04}"
EndProject
Project("{2150E333-8FDC-42A3-9474-1A3956D46DE8}") = "workbench", "workbench", "{41E0836E-070A-4D93-A44B-3B83B481897B}"
EndProject
Project("{F2A71F9B-5D33-465A-A702-920D77279786}") = "hobbes.workbench", "workbench\src\hobbes.workbench.fsproj", "{96DA42A9-E6A6-4558-B026-3CD156A720BA}"
EndProject
Project("{2150E333-8FDC-42A3-9474-1A3956D46DE8}") = "collectors", "collectors", "{363165AB-CDD5-41B0-997F-A150F14C9B02}"
EndProject
Project("{2150E333-8FDC-42A3-9474-1A3956D46DE8}") = "collectors.Git", "collectors.Git", "{02625079-DC72-4E9E-A873-DE4F9C59BC83}"
EndProject
Project("{F2A71F9B-5D33-465A-A702-920D77279786}") = "collectors.git", "collectors\collectors.Git\src\collectors.git.fsproj", "{F86DB3D1-C4FD-4156-B0A2-98F40319C242}"
EndProject
Project("{2150E333-8FDC-42A3-9474-1A3956D46DE8}") = "collectors.AzureDevOps", "collectors.AzureDevOps", "{5F803A7A-09ED-4D37-8686-04CAAFD2B238}"
EndProject
Project("{F2A71F9B-5D33-465A-A702-920D77279786}") = "collectors.azuredevops", "collectors\collectors.AzureDevOps\src\collectors.azuredevops.fsproj", "{8BB903E3-E78F-4796-B572-A748BF09243F}"
EndProject
Project("{F2A71F9B-5D33-465A-A702-920D77279786}") = "hobbes.tests", "hobbes.core\tests\hobbes.tests.fsproj", "{EEBB26A3-7482-4753-9BD6-B88051E6ADF3}"
EndProject
Global
	GlobalSection(SolutionConfigurationPlatforms) = preSolution
		Debug|Any CPU = Debug|Any CPU
		Release|Any CPU = Release|Any CPU
	EndGlobalSection
	GlobalSection(ProjectConfigurationPlatforms) = postSolution
		{E5BD7848-C166-47B5-A48F-6268518A9F37}.Debug|Any CPU.ActiveCfg = Debug|Any CPU
		{E5BD7848-C166-47B5-A48F-6268518A9F37}.Debug|Any CPU.Build.0 = Debug|Any CPU
		{E5BD7848-C166-47B5-A48F-6268518A9F37}.Release|Any CPU.ActiveCfg = Release|Any CPU
		{E5BD7848-C166-47B5-A48F-6268518A9F37}.Release|Any CPU.Build.0 = Release|Any CPU
		{0962680D-200D-459D-BFEF-D4C0D1AFB23E}.Debug|Any CPU.ActiveCfg = Debug|Any CPU
		{0962680D-200D-459D-BFEF-D4C0D1AFB23E}.Debug|Any CPU.Build.0 = Debug|Any CPU
		{0962680D-200D-459D-BFEF-D4C0D1AFB23E}.Release|Any CPU.ActiveCfg = Release|Any CPU
		{0962680D-200D-459D-BFEF-D4C0D1AFB23E}.Release|Any CPU.Build.0 = Release|Any CPU
		{EB676B32-B4A9-4E60-BB45-2BCAF8F42F87}.Debug|Any CPU.ActiveCfg = Debug|Any CPU
		{EB676B32-B4A9-4E60-BB45-2BCAF8F42F87}.Debug|Any CPU.Build.0 = Debug|Any CPU
		{EB676B32-B4A9-4E60-BB45-2BCAF8F42F87}.Release|Any CPU.ActiveCfg = Release|Any CPU
		{EB676B32-B4A9-4E60-BB45-2BCAF8F42F87}.Release|Any CPU.Build.0 = Release|Any CPU
		{74E62B25-8EF9-4427-B14D-40709AF1BF04}.Debug|Any CPU.ActiveCfg = Debug|Any CPU
		{74E62B25-8EF9-4427-B14D-40709AF1BF04}.Debug|Any CPU.Build.0 = Debug|Any CPU
		{74E62B25-8EF9-4427-B14D-40709AF1BF04}.Release|Any CPU.ActiveCfg = Release|Any CPU
		{74E62B25-8EF9-4427-B14D-40709AF1BF04}.Release|Any CPU.Build.0 = Release|Any CPU
		{96DA42A9-E6A6-4558-B026-3CD156A720BA}.Debug|Any CPU.ActiveCfg = Debug|Any CPU
		{96DA42A9-E6A6-4558-B026-3CD156A720BA}.Debug|Any CPU.Build.0 = Debug|Any CPU
		{96DA42A9-E6A6-4558-B026-3CD156A720BA}.Release|Any CPU.ActiveCfg = Release|Any CPU
		{96DA42A9-E6A6-4558-B026-3CD156A720BA}.Release|Any CPU.Build.0 = Release|Any CPU
		{F86DB3D1-C4FD-4156-B0A2-98F40319C242}.Debug|Any CPU.ActiveCfg = Debug|Any CPU
		{F86DB3D1-C4FD-4156-B0A2-98F40319C242}.Debug|Any CPU.Build.0 = Debug|Any CPU
		{F86DB3D1-C4FD-4156-B0A2-98F40319C242}.Release|Any CPU.ActiveCfg = Release|Any CPU
		{F86DB3D1-C4FD-4156-B0A2-98F40319C242}.Release|Any CPU.Build.0 = Release|Any CPU
		{8BB903E3-E78F-4796-B572-A748BF09243F}.Debug|Any CPU.ActiveCfg = Debug|Any CPU
		{8BB903E3-E78F-4796-B572-A748BF09243F}.Debug|Any CPU.Build.0 = Debug|Any CPU
		{8BB903E3-E78F-4796-B572-A748BF09243F}.Release|Any CPU.ActiveCfg = Release|Any CPU
		{8BB903E3-E78F-4796-B572-A748BF09243F}.Release|Any CPU.Build.0 = Release|Any CPU
		{EEBB26A3-7482-4753-9BD6-B88051E6ADF3}.Debug|Any CPU.ActiveCfg = Debug|Any CPU
		{EEBB26A3-7482-4753-9BD6-B88051E6ADF3}.Debug|Any CPU.Build.0 = Debug|Any CPU
		{EEBB26A3-7482-4753-9BD6-B88051E6ADF3}.Release|Any CPU.ActiveCfg = Release|Any CPU
		{EEBB26A3-7482-4753-9BD6-B88051E6ADF3}.Release|Any CPU.Build.0 = Release|Any CPU
	EndGlobalSection
	GlobalSection(SolutionProperties) = preSolution
		HideSolutionNode = FALSE
	EndGlobalSection
	GlobalSection(ExtensibilityGlobals) = postSolution
		SolutionGuid = {CE1A5CA1-3698-4267-BD8D-F5D07FAC19A1}
	EndGlobalSection
	GlobalSection(NestedProjects) = preSolution
		{96DA42A9-E6A6-4558-B026-3CD156A720BA} = {41E0836E-070A-4D93-A44B-3B83B481897B}
		{02625079-DC72-4E9E-A873-DE4F9C59BC83} = {363165AB-CDD5-41B0-997F-A150F14C9B02}
		{F86DB3D1-C4FD-4156-B0A2-98F40319C242} = {02625079-DC72-4E9E-A873-DE4F9C59BC83}
		{5F803A7A-09ED-4D37-8686-04CAAFD2B238} = {363165AB-CDD5-41B0-997F-A150F14C9B02}
		{8BB903E3-E78F-4796-B572-A748BF09243F} = {5F803A7A-09ED-4D37-8686-04CAAFD2B238}
	EndGlobalSection
EndGlobal
