
Microsoft Visual Studio Solution File, Format Version 12.00
# Visual Studio 15
VisualStudioVersion = 15.0.28307.779
MinimumVisualStudioVersion = 10.0.40219.1
Project("{6EC3EE1D-3C4E-46DD-8F32-0CC8E7565705}") = "Collectors.AzureDevOps", "collectors\collectors.AzureDevOps\src\Collectors.AzureDevOps.fsproj", "{E5BD7848-C166-47B5-A48F-6268518A9F37}"
EndProject
Project("{6EC3EE1D-3C4E-46DD-8F32-0CC8E7565705}") = "hobbes", "hobbes.core\src\hobbes.fsproj", "{0962680D-200D-459D-BFEF-D4C0D1AFB23E}"
EndProject
Project("{6EC3EE1D-3C4E-46DD-8F32-0CC8E7565705}") = "hobbes.helpers", "hobbes.helpers\src\hobbes.helpers.fsproj", "{EB676B32-B4A9-4E60-BB45-2BCAF8F42F87}"
EndProject
Project("{6EC3EE1D-3C4E-46DD-8F32-0CC8E7565705}") = "hobbes.server", "hobbes.server\src\hobbes.server.fsproj", "{74E62B25-8EF9-4427-B14D-40709AF1BF04}"
EndProject
Global
	GlobalSection(SolutionConfigurationPlatforms) = preSolution
		Debug|Any CPU = Debug|Any CPU
		Release|Any CPU = Release|Any CPU
	EndGlobalSection
	GlobalSection(ProjectConfigurationPlatforms) = postSolution
		{E5BD7848-C166-47B5-A48F-6268518A9F37}.Debug|Any CPU.ActiveCfg = Debug|Any CPU
		{E5BD7848-C166-47B5-A48F-6268518A9F37}.Debug|Any CPU.Build.0 = Debug|Any CPU
		{E5BD7848-C166-47B5-A48F-6268518A9F37}.Release|Any CPU.ActiveCfg = Release|Any CPU
		{E5BD7848-C166-47B5-A48F-6268518A9F37}.Release|Any CPU.Build.0 = Release|Any CPU
		{0962680D-200D-459D-BFEF-D4C0D1AFB23E}.Debug|Any CPU.ActiveCfg = Debug|Any CPU
		{0962680D-200D-459D-BFEF-D4C0D1AFB23E}.Debug|Any CPU.Build.0 = Debug|Any CPU
		{0962680D-200D-459D-BFEF-D4C0D1AFB23E}.Release|Any CPU.ActiveCfg = Release|Any CPU
		{0962680D-200D-459D-BFEF-D4C0D1AFB23E}.Release|Any CPU.Build.0 = Release|Any CPU
		{EB676B32-B4A9-4E60-BB45-2BCAF8F42F87}.Debug|Any CPU.ActiveCfg = Debug|Any CPU
		{EB676B32-B4A9-4E60-BB45-2BCAF8F42F87}.Debug|Any CPU.Build.0 = Debug|Any CPU
		{EB676B32-B4A9-4E60-BB45-2BCAF8F42F87}.Release|Any CPU.ActiveCfg = Release|Any CPU
		{EB676B32-B4A9-4E60-BB45-2BCAF8F42F87}.Release|Any CPU.Build.0 = Release|Any CPU
		{74E62B25-8EF9-4427-B14D-40709AF1BF04}.Debug|Any CPU.ActiveCfg = Debug|Any CPU
		{74E62B25-8EF9-4427-B14D-40709AF1BF04}.Debug|Any CPU.Build.0 = Debug|Any CPU
		{74E62B25-8EF9-4427-B14D-40709AF1BF04}.Release|Any CPU.ActiveCfg = Release|Any CPU
		{74E62B25-8EF9-4427-B14D-40709AF1BF04}.Release|Any CPU.Build.0 = Release|Any CPU
	EndGlobalSection
	GlobalSection(SolutionProperties) = preSolution
		HideSolutionNode = FALSE
	EndGlobalSection
	GlobalSection(ExtensibilityGlobals) = postSolution
		SolutionGuid = {CE1A5CA1-3698-4267-BD8D-F5D07FAC19A1}
	EndGlobalSection
EndGlobal
