
Microsoft Visual Studio Solution File, Format Version 12.00
# Visual Studio 15
VisualStudioVersion = 15.0.28307.779
MinimumVisualStudioVersion = 10.0.40219.1
Project("{6EC3EE1D-3C4E-46DD-8F32-0CC8E7565705}") = "hobbes.tests", "unit\hobbes.tests.fsproj", "{E85E9D67-798E-4D24-AB20-14989DD8D285}"
EndProject
Project("{6EC3EE1D-3C4E-46DD-8F32-0CC8E7565705}") = "hobbes.SystemTests.tests", "SystemTests\hobbes.SystemTests.tests.fsproj", "{E85E9D67-798E-4D24-AB20-14989DD8D288}"
EndProject
Global
	GlobalSection(SolutionConfigurationPlatforms) = preSolution
		Debug|Any CPU = Debug|Any CPU
		Release|Any CPU = Release|Any CPU
	EndGlobalSection
	GlobalSection(ProjectConfigurationPlatforms) = postSolution
		{E85E9D67-798E-4D24-AB20-14989DD8D285}.Debug|Any CPU.ActiveCfg = Debug|Any CPU
		{E85E9D67-798E-4D24-AB20-14989DD8D285}.Debug|Any CPU.Build.0 = Debug|Any CPU
		{E85E9D67-798E-4D24-AB20-14989DD8D285}.Release|Any CPU.ActiveCfg = Release|Any CPU
		{E85E9D67-798E-4D24-AB20-14989DD8D285}.Release|Any CPU.Build.0 = Release|Any CPU
		{E85E9D67-798E-4D24-AB20-14989DD8D288}.Debug|Any CPU.ActiveCfg = Debug|Any CPU
		{E85E9D67-798E-4D24-AB20-14989DD8D288}.Debug|Any CPU.Build.0 = Debug|Any CPU
		{E85E9D67-798E-4D24-AB20-14989DD8D288}.Release|Any CPU.ActiveCfg = Release|Any CPU
		{E85E9D67-798E-4D24-AB20-14989DD8D288}.Release|Any CPU.Build.0 = Release|Any CPU
	EndGlobalSection
	GlobalSection(SolutionProperties) = preSolution
		HideSolutionNode = FALSE
	EndGlobalSection
	GlobalSection(ExtensibilityGlobals) = postSolution
		SolutionGuid = {CE1A5CA1-3698-4267-BD8D-F5D07FAC19A1}
	EndGlobalSection
EndGlobal
